
Microsoft Visual Studio Solution File, Format Version 12.00
# Visual Studio 14
VisualStudioVersion = 14.0.24720.0
MinimumVisualStudioVersion = 10.0.40219.1
Project("{9092AA53-FB77-4645-B42D-1CCCA6BD08BD}") = "AssetServer", "AssetServer\AssetServer.njsproj", "{342F1C3B-21DB-4432-BD10-550CB8F9D0E7}"
EndProject
Project("{FAE04EC0-301F-11D3-BF4B-00C04F79EFBC}") = "Game", "Game\Game.csproj", "{0D91AECB-069E-4501-8493-C76E83DF5CE3}"
	ProjectSection(ProjectDependencies) = postProject
		{342F1C3B-21DB-4432-BD10-550CB8F9D0E7} = {342F1C3B-21DB-4432-BD10-550CB8F9D0E7}
	EndProjectSection
EndProject
Global
	GlobalSection(SolutionConfigurationPlatforms) = preSolution
		Build|Any CPU = Build|Any CPU
		Debug|Any CPU = Debug|Any CPU
		Release|Any CPU = Release|Any CPU
	EndGlobalSection
	GlobalSection(ProjectConfigurationPlatforms) = postSolution
		{342F1C3B-21DB-4432-BD10-550CB8F9D0E7}.Build|Any CPU.ActiveCfg = Build|Any CPU
		{342F1C3B-21DB-4432-BD10-550CB8F9D0E7}.Build|Any CPU.Build.0 = Build|Any CPU
		{342F1C3B-21DB-4432-BD10-550CB8F9D0E7}.Debug|Any CPU.ActiveCfg = Debug|Any CPU
		{342F1C3B-21DB-4432-BD10-550CB8F9D0E7}.Debug|Any CPU.Build.0 = Debug|Any CPU
		{342F1C3B-21DB-4432-BD10-550CB8F9D0E7}.Release|Any CPU.ActiveCfg = Release|Any CPU
		{342F1C3B-21DB-4432-BD10-550CB8F9D0E7}.Release|Any CPU.Build.0 = Release|Any CPU
		{0D91AECB-069E-4501-8493-C76E83DF5CE3}.Build|Any CPU.ActiveCfg = Debug|Any CPU
		{0D91AECB-069E-4501-8493-C76E83DF5CE3}.Build|Any CPU.Build.0 = Debug|Any CPU
		{0D91AECB-069E-4501-8493-C76E83DF5CE3}.Debug|Any CPU.ActiveCfg = Debug|Any CPU
		{0D91AECB-069E-4501-8493-C76E83DF5CE3}.Debug|Any CPU.Build.0 = Debug|Any CPU
		{0D91AECB-069E-4501-8493-C76E83DF5CE3}.Release|Any CPU.ActiveCfg = Release|Any CPU
		{0D91AECB-069E-4501-8493-C76E83DF5CE3}.Release|Any CPU.Build.0 = Release|Any CPU
	EndGlobalSection
	GlobalSection(SolutionProperties) = preSolution
		HideSolutionNode = FALSE
	EndGlobalSection
EndGlobal
